// !$*UTF8*$!
{
	archiveVersion = 1;
	classes = {
	};
	objectVersion = 50;
	objects = {

/* Begin PBXBuildFile section */
		9E25108B26FA6E7700ED0A02 /* AppDelegate.swift in Sources */ = {isa = PBXBuildFile; fileRef = 9E25108A26FA6E7700ED0A02 /* AppDelegate.swift */; };
		9E25108D26FA6E7700ED0A02 /* SceneDelegate.swift in Sources */ = {isa = PBXBuildFile; fileRef = 9E25108C26FA6E7700ED0A02 /* SceneDelegate.swift */; };
		9E25108F26FA6E7700ED0A02 /* ViewController.swift in Sources */ = {isa = PBXBuildFile; fileRef = 9E25108E26FA6E7700ED0A02 /* ViewController.swift */; };
		9E25109226FA6E7700ED0A02 /* Main.storyboard in Resources */ = {isa = PBXBuildFile; fileRef = 9E25109026FA6E7700ED0A02 /* Main.storyboard */; };
		9E25109426FA6E8400ED0A02 /* Assets.xcassets in Resources */ = {isa = PBXBuildFile; fileRef = 9E25109326FA6E8400ED0A02 /* Assets.xcassets */; };
		9E25109726FA6E8400ED0A02 /* LaunchScreen.storyboard in Resources */ = {isa = PBXBuildFile; fileRef = 9E25109526FA6E8400ED0A02 /* LaunchScreen.storyboard */; };
		9E2510A026FA83A800ED0A02 /* Theme.swift in Sources */ = {isa = PBXBuildFile; fileRef = 9E25109F26FA83A800ED0A02 /* Theme.swift */; };
		9E2510A226FA845800ED0A02 /* ThemeProtocol.swift in Sources */ = {isa = PBXBuildFile; fileRef = 9E2510A126FA845800ED0A02 /* ThemeProtocol.swift */; };
		9E2510A426FA851100ED0A02 /* LightTheme.swift in Sources */ = {isa = PBXBuildFile; fileRef = 9E2510A326FA851100ED0A02 /* LightTheme.swift */; };
		9E2510A626FA85CE00ED0A02 /* DarkTheme.swift in Sources */ = {isa = PBXBuildFile; fileRef = 9E2510A526FA85CE00ED0A02 /* DarkTheme.swift */; };
		9E2510A926FA89AA00ED0A02 /* DeveloperSettingsViewController.storyboard in Resources */ = {isa = PBXBuildFile; fileRef = 9E2510A726FA89AA00ED0A02 /* DeveloperSettingsViewController.storyboard */; };
		9E2510AE26FA8B2900ED0A02 /* DeveloperSettingsViewController.swift in Sources */ = {isa = PBXBuildFile; fileRef = 9E2510AD26FA8B2900ED0A02 /* DeveloperSettingsViewController.swift */; };
		9E2510B12701952200ED0A02 /* TCQButton.swift in Sources */ = {isa = PBXBuildFile; fileRef = 9E2510AF2701952200ED0A02 /* TCQButton.swift */; };
		9E2510B22701952200ED0A02 /* TCQButton.xib in Resources */ = {isa = PBXBuildFile; fileRef = 9E2510B02701952200ED0A02 /* TCQButton.xib */; };
		9E2510B527019D5900ED0A02 /* TCQLabel.swift in Sources */ = {isa = PBXBuildFile; fileRef = 9E2510B327019D5900ED0A02 /* TCQLabel.swift */; };
		9E2510B627019D5900ED0A02 /* TCQLabel.xib in Resources */ = {isa = PBXBuildFile; fileRef = 9E2510B427019D5900ED0A02 /* TCQLabel.xib */; };
/* End PBXBuildFile section */

/* Begin PBXFileReference section */
		9E25108726FA6E7700ED0A02 /* ThemeSupport1.app */ = {isa = PBXFileReference; explicitFileType = wrapper.application; includeInIndex = 0; path = ThemeSupport1.app; sourceTree = BUILT_PRODUCTS_DIR; };
		9E25108A26FA6E7700ED0A02 /* AppDelegate.swift */ = {isa = PBXFileReference; lastKnownFileType = sourcecode.swift; path = AppDelegate.swift; sourceTree = "<group>"; };
		9E25108C26FA6E7700ED0A02 /* SceneDelegate.swift */ = {isa = PBXFileReference; lastKnownFileType = sourcecode.swift; path = SceneDelegate.swift; sourceTree = "<group>"; };
		9E25108E26FA6E7700ED0A02 /* ViewController.swift */ = {isa = PBXFileReference; lastKnownFileType = sourcecode.swift; path = ViewController.swift; sourceTree = "<group>"; };
		9E25109126FA6E7700ED0A02 /* Base */ = {isa = PBXFileReference; lastKnownFileType = file.storyboard; name = Base; path = Base.lproj/Main.storyboard; sourceTree = "<group>"; };
		9E25109326FA6E8400ED0A02 /* Assets.xcassets */ = {isa = PBXFileReference; lastKnownFileType = folder.assetcatalog; path = Assets.xcassets; sourceTree = "<group>"; };
		9E25109626FA6E8400ED0A02 /* Base */ = {isa = PBXFileReference; lastKnownFileType = file.storyboard; name = Base; path = Base.lproj/LaunchScreen.storyboard; sourceTree = "<group>"; };
		9E25109826FA6E8400ED0A02 /* Info.plist */ = {isa = PBXFileReference; lastKnownFileType = text.plist.xml; path = Info.plist; sourceTree = "<group>"; };
		9E25109F26FA83A800ED0A02 /* Theme.swift */ = {isa = PBXFileReference; lastKnownFileType = sourcecode.swift; path = Theme.swift; sourceTree = "<group>"; };
		9E2510A126FA845800ED0A02 /* ThemeProtocol.swift */ = {isa = PBXFileReference; lastKnownFileType = sourcecode.swift; path = ThemeProtocol.swift; sourceTree = "<group>"; };
		9E2510A326FA851100ED0A02 /* LightTheme.swift */ = {isa = PBXFileReference; lastKnownFileType = sourcecode.swift; path = LightTheme.swift; sourceTree = "<group>"; };
		9E2510A526FA85CE00ED0A02 /* DarkTheme.swift */ = {isa = PBXFileReference; lastKnownFileType = sourcecode.swift; path = DarkTheme.swift; sourceTree = "<group>"; };
		9E2510A826FA89AA00ED0A02 /* Base */ = {isa = PBXFileReference; lastKnownFileType = file.storyboard; name = Base; path = ThemeSupport1/Base.lproj/DeveloperSettingsViewController.storyboard; sourceTree = "<group>"; };
		9E2510AD26FA8B2900ED0A02 /* DeveloperSettingsViewController.swift */ = {isa = PBXFileReference; lastKnownFileType = sourcecode.swift; name = DeveloperSettingsViewController.swift; path = ../../DeveloperSettingsViewController.swift; sourceTree = "<group>"; };
		9E2510AF2701952200ED0A02 /* TCQButton.swift */ = {isa = PBXFileReference; lastKnownFileType = sourcecode.swift; path = TCQButton.swift; sourceTree = "<group>"; };
		9E2510B02701952200ED0A02 /* TCQButton.xib */ = {isa = PBXFileReference; lastKnownFileType = file.xib; path = TCQButton.xib; sourceTree = "<group>"; };
		9E2510B327019D5900ED0A02 /* TCQLabel.swift */ = {isa = PBXFileReference; lastKnownFileType = sourcecode.swift; path = TCQLabel.swift; sourceTree = "<group>"; };
		9E2510B427019D5900ED0A02 /* TCQLabel.xib */ = {isa = PBXFileReference; lastKnownFileType = file.xib; path = TCQLabel.xib; sourceTree = "<group>"; };
/* End PBXFileReference section */

/* Begin PBXFrameworksBuildPhase section */
		9E25108426FA6E7700ED0A02 /* Frameworks */ = {
			isa = PBXFrameworksBuildPhase;
			buildActionMask = 2147483647;
			files = (
			);
			runOnlyForDeploymentPostprocessing = 0;
		};
/* End PBXFrameworksBuildPhase section */

/* Begin PBXGroup section */
		9E25107E26FA6E7700ED0A02 = {
			isa = PBXGroup;
			children = (
				9E25108926FA6E7700ED0A02 /* ThemeSupport1 */,
				9E25108826FA6E7700ED0A02 /* Products */,
			);
			sourceTree = "<group>";
		};
		9E25108826FA6E7700ED0A02 /* Products */ = {
			isa = PBXGroup;
			children = (
				9E25108726FA6E7700ED0A02 /* ThemeSupport1.app */,
			);
			name = Products;
			sourceTree = "<group>";
		};
		9E25108926FA6E7700ED0A02 /* ThemeSupport1 */ = {
			isa = PBXGroup;
			children = (
				9E2510AA26FA8A4D00ED0A02 /* Settings */,
				9E25109E26FA7C4C00ED0A02 /* themes */,
				9E25108A26FA6E7700ED0A02 /* AppDelegate.swift */,
				9E25108E26FA6E7700ED0A02 /* ViewController.swift */,
				9E25109026FA6E7700ED0A02 /* Main.storyboard */,
				9E25109326FA6E8400ED0A02 /* Assets.xcassets */,
				9E25109526FA6E8400ED0A02 /* LaunchScreen.storyboard */,
				9E25109826FA6E8400ED0A02 /* Info.plist */,
				9E2510AF2701952200ED0A02 /* TCQButton.swift */,
				9E2510B02701952200ED0A02 /* TCQButton.xib */,
				9E2510B327019D5900ED0A02 /* TCQLabel.swift */,
				9E2510B427019D5900ED0A02 /* TCQLabel.xib */,
			);
			path = ThemeSupport1;
			sourceTree = "<group>";
		};
		9E25109E26FA7C4C00ED0A02 /* themes */ = {
			isa = PBXGroup;
			children = (
				9E25109F26FA83A800ED0A02 /* Theme.swift */,
				9E2510A126FA845800ED0A02 /* ThemeProtocol.swift */,
				9E2510A326FA851100ED0A02 /* LightTheme.swift */,
				9E2510A526FA85CE00ED0A02 /* DarkTheme.swift */,
				9E25108C26FA6E7700ED0A02 /* SceneDelegate.swift */,
			);
			path = themes;
			sourceTree = "<group>";
		};
		9E2510AA26FA8A4D00ED0A02 /* Settings */ = {
			isa = PBXGroup;
			children = (
				9E2510AD26FA8B2900ED0A02 /* DeveloperSettingsViewController.swift */,
				9E2510A726FA89AA00ED0A02 /* DeveloperSettingsViewController.storyboard */,
			);
			path = Settings;
			sourceTree = "<group>";
		};
/* End PBXGroup section */

/* Begin PBXNativeTarget section */
		9E25108626FA6E7700ED0A02 /* ThemeSupport1 */ = {
			isa = PBXNativeTarget;
			buildConfigurationList = 9E25109B26FA6E8400ED0A02 /* Build configuration list for PBXNativeTarget "ThemeSupport1" */;
			buildPhases = (
				9E25108326FA6E7700ED0A02 /* Sources */,
				9E25108426FA6E7700ED0A02 /* Frameworks */,
				9E25108526FA6E7700ED0A02 /* Resources */,
			);
			buildRules = (
			);
			dependencies = (
			);
			name = ThemeSupport1;
			productName = ThemeSupport1;
			productReference = 9E25108726FA6E7700ED0A02 /* ThemeSupport1.app */;
			productType = "com.apple.product-type.application";
		};
/* End PBXNativeTarget section */

/* Begin PBXProject section */
		9E25107F26FA6E7700ED0A02 /* Project object */ = {
			isa = PBXProject;
			attributes = {
				LastSwiftUpdateCheck = 1250;
				LastUpgradeCheck = 1250;
				TargetAttributes = {
					9E25108626FA6E7700ED0A02 = {
						CreatedOnToolsVersion = 12.5.1;
					};
				};
			};
			buildConfigurationList = 9E25108226FA6E7700ED0A02 /* Build configuration list for PBXProject "ThemeSupport1" */;
			compatibilityVersion = "Xcode 9.3";
			developmentRegion = en;
			hasScannedForEncodings = 0;
			knownRegions = (
				en,
				Base,
			);
			mainGroup = 9E25107E26FA6E7700ED0A02;
			productRefGroup = 9E25108826FA6E7700ED0A02 /* Products */;
			projectDirPath = "";
			projectRoot = "";
			targets = (
				9E25108626FA6E7700ED0A02 /* ThemeSupport1 */,
			);
		};
/* End PBXProject section */

/* Begin PBXResourcesBuildPhase section */
		9E25108526FA6E7700ED0A02 /* Resources */ = {
			isa = PBXResourcesBuildPhase;
			buildActionMask = 2147483647;
			files = (
				9E25109726FA6E8400ED0A02 /* LaunchScreen.storyboard in Resources */,
				9E2510B627019D5900ED0A02 /* TCQLabel.xib in Resources */,
				9E2510B22701952200ED0A02 /* TCQButton.xib in Resources */,
				9E25109426FA6E8400ED0A02 /* Assets.xcassets in Resources */,
				9E2510A926FA89AA00ED0A02 /* DeveloperSettingsViewController.storyboard in Resources */,
				9E25109226FA6E7700ED0A02 /* Main.storyboard in Resources */,
			);
			runOnlyForDeploymentPostprocessing = 0;
		};
/* End PBXResourcesBuildPhase section */

/* Begin PBXSourcesBuildPhase section */
		9E25108326FA6E7700ED0A02 /* Sources */ = {
			isa = PBXSourcesBuildPhase;
			buildActionMask = 2147483647;
			files = (
				9E2510A226FA845800ED0A02 /* ThemeProtocol.swift in Sources */,
				9E25108F26FA6E7700ED0A02 /* ViewController.swift in Sources */,
				9E2510A026FA83A800ED0A02 /* Theme.swift in Sources */,
				9E2510B12701952200ED0A02 /* TCQButton.swift in Sources */,
				9E25108B26FA6E7700ED0A02 /* AppDelegate.swift in Sources */,
				9E2510A426FA851100ED0A02 /* LightTheme.swift in Sources */,
				9E2510A626FA85CE00ED0A02 /* DarkTheme.swift in Sources */,
				9E2510AE26FA8B2900ED0A02 /* DeveloperSettingsViewController.swift in Sources */,
				9E25108D26FA6E7700ED0A02 /* SceneDelegate.swift in Sources */,
				9E2510B527019D5900ED0A02 /* TCQLabel.swift in Sources */,
			);
			runOnlyForDeploymentPostprocessing = 0;
		};
/* End PBXSourcesBuildPhase section */

/* Begin PBXVariantGroup section */
		9E25109026FA6E7700ED0A02 /* Main.storyboard */ = {
			isa = PBXVariantGroup;
			children = (
				9E25109126FA6E7700ED0A02 /* Base */,
			);
			name = Main.storyboard;
			sourceTree = "<group>";
		};
		9E25109526FA6E8400ED0A02 /* LaunchScreen.storyboard */ = {
			isa = PBXVariantGroup;
			children = (
				9E25109626FA6E8400ED0A02 /* Base */,
			);
			name = LaunchScreen.storyboard;
			sourceTree = "<group>";
		};
		9E2510A726FA89AA00ED0A02 /* DeveloperSettingsViewController.storyboard */ = {
			isa = PBXVariantGroup;
			children = (
				9E2510A826FA89AA00ED0A02 /* Base */,
			);
			name = DeveloperSettingsViewController.storyboard;
			sourceTree = "<group>";
		};
/* End PBXVariantGroup section */

/* Begin XCBuildConfiguration section */
		9E25109926FA6E8400ED0A02 /* Debug */ = {
			isa = XCBuildConfiguration;
			buildSettings = {
				ALWAYS_SEARCH_USER_PATHS = NO;
				CLANG_ANALYZER_NONNULL = YES;
				CLANG_ANALYZER_NUMBER_OBJECT_CONVERSION = YES_AGGRESSIVE;
				CLANG_CXX_LANGUAGE_STANDARD = "gnu++14";
				CLANG_CXX_LIBRARY = "libc++";
				CLANG_ENABLE_MODULES = YES;
				CLANG_ENABLE_OBJC_ARC = YES;
				CLANG_ENABLE_OBJC_WEAK = YES;
				CLANG_WARN_BLOCK_CAPTURE_AUTORELEASING = YES;
				CLANG_WARN_BOOL_CONVERSION = YES;
				CLANG_WARN_COMMA = YES;
				CLANG_WARN_CONSTANT_CONVERSION = YES;
				CLANG_WARN_DEPRECATED_OBJC_IMPLEMENTATIONS = YES;
				CLANG_WARN_DIRECT_OBJC_ISA_USAGE = YES_ERROR;
				CLANG_WARN_DOCUMENTATION_COMMENTS = YES;
				CLANG_WARN_EMPTY_BODY = YES;
				CLANG_WARN_ENUM_CONVERSION = YES;
				CLANG_WARN_INFINITE_RECURSION = YES;
				CLANG_WARN_INT_CONVERSION = YES;
				CLANG_WARN_NON_LITERAL_NULL_CONVERSION = YES;
				CLANG_WARN_OBJC_IMPLICIT_RETAIN_SELF = YES;
				CLANG_WARN_OBJC_LITERAL_CONVERSION = YES;
				CLANG_WARN_OBJC_ROOT_CLASS = YES_ERROR;
				CLANG_WARN_QUOTED_INCLUDE_IN_FRAMEWORK_HEADER = YES;
				CLANG_WARN_RANGE_LOOP_ANALYSIS = YES;
				CLANG_WARN_STRICT_PROTOTYPES = YES;
				CLANG_WARN_SUSPICIOUS_MOVE = YES;
				CLANG_WARN_UNGUARDED_AVAILABILITY = YES_AGGRESSIVE;
				CLANG_WARN_UNREACHABLE_CODE = YES;
				CLANG_WARN__DUPLICATE_METHOD_MATCH = YES;
				COPY_PHASE_STRIP = NO;
				DEBUG_INFORMATION_FORMAT = dwarf;
				ENABLE_STRICT_OBJC_MSGSEND = YES;
				ENABLE_TESTABILITY = YES;
				GCC_C_LANGUAGE_STANDARD = gnu11;
				GCC_DYNAMIC_NO_PIC = NO;
				GCC_NO_COMMON_BLOCKS = YES;
				GCC_OPTIMIZATION_LEVEL = 0;
				GCC_PREPROCESSOR_DEFINITIONS = (
					"DEBUG=1",
					"$(inherited)",
				);
				GCC_WARN_64_TO_32_BIT_CONVERSION = YES;
				GCC_WARN_ABOUT_RETURN_TYPE = YES_ERROR;
				GCC_WARN_UNDECLARED_SELECTOR = YES;
				GCC_WARN_UNINITIALIZED_AUTOS = YES_AGGRESSIVE;
				GCC_WARN_UNUSED_FUNCTION = YES;
				GCC_WARN_UNUSED_VARIABLE = YES;
				IPHONEOS_DEPLOYMENT_TARGET = 14.5;
				MTL_ENABLE_DEBUG_INFO = INCLUDE_SOURCE;
				MTL_FAST_MATH = YES;
				ONLY_ACTIVE_ARCH = YES;
				SDKROOT = iphoneos;
				SWIFT_ACTIVE_COMPILATION_CONDITIONS = DEBUG;
				SWIFT_OPTIMIZATION_LEVEL = "-Onone";
			};
			name = Debug;
		};
		9E25109A26FA6E8400ED0A02 /* Release */ = {
			isa = XCBuildConfiguration;
			buildSettings = {
				ALWAYS_SEARCH_USER_PATHS = NO;
				CLANG_ANALYZER_NONNULL = YES;
				CLANG_ANALYZER_NUMBER_OBJECT_CONVERSION = YES_AGGRESSIVE;
				CLANG_CXX_LANGUAGE_STANDARD = "gnu++14";
				CLANG_CXX_LIBRARY = "libc++";
				CLANG_ENABLE_MODULES = YES;
				CLANG_ENABLE_OBJC_ARC = YES;
				CLANG_ENABLE_OBJC_WEAK = YES;
				CLANG_WARN_BLOCK_CAPTURE_AUTORELEASING = YES;
				CLANG_WARN_BOOL_CONVERSION = YES;
				CLANG_WARN_COMMA = YES;
				CLANG_WARN_CONSTANT_CONVERSION = YES;
				CLANG_WARN_DEPRECATED_OBJC_IMPLEMENTATIONS = YES;
				CLANG_WARN_DIRECT_OBJC_ISA_USAGE = YES_ERROR;
				CLANG_WARN_DOCUMENTATION_COMMENTS = YES;
				CLANG_WARN_EMPTY_BODY = YES;
				CLANG_WARN_ENUM_CONVERSION = YES;
				CLANG_WARN_INFINITE_RECURSION = YES;
				CLANG_WARN_INT_CONVERSION = YES;
				CLANG_WARN_NON_LITERAL_NULL_CONVERSION = YES;
				CLANG_WARN_OBJC_IMPLICIT_RETAIN_SELF = YES;
				CLANG_WARN_OBJC_LITERAL_CONVERSION = YES;
				CLANG_WARN_OBJC_ROOT_CLASS = YES_ERROR;
				CLANG_WARN_QUOTED_INCLUDE_IN_FRAMEWORK_HEADER = YES;
				CLANG_WARN_RANGE_LOOP_ANALYSIS = YES;
				CLANG_WARN_STRICT_PROTOTYPES = YES;
				CLANG_WARN_SUSPICIOUS_MOVE = YES;
				CLANG_WARN_UNGUARDED_AVAILABILITY = YES_AGGRESSIVE;
				CLANG_WARN_UNREACHABLE_CODE = YES;
				CLANG_WARN__DUPLICATE_METHOD_MATCH = YES;
				COPY_PHASE_STRIP = NO;
				DEBUG_INFORMATION_FORMAT = "dwarf-with-dsym";
				ENABLE_NS_ASSERTIONS = NO;
				ENABLE_STRICT_OBJC_MSGSEND = YES;
				GCC_C_LANGUAGE_STANDARD = gnu11;
				GCC_NO_COMMON_BLOCKS = YES;
				GCC_WARN_64_TO_32_BIT_CONVERSION = YES;
				GCC_WARN_ABOUT_RETURN_TYPE = YES_ERROR;
				GCC_WARN_UNDECLARED_SELECTOR = YES;
				GCC_WARN_UNINITIALIZED_AUTOS = YES_AGGRESSIVE;
				GCC_WARN_UNUSED_FUNCTION = YES;
				GCC_WARN_UNUSED_VARIABLE = YES;
				IPHONEOS_DEPLOYMENT_TARGET = 14.5;
				MTL_ENABLE_DEBUG_INFO = NO;
				MTL_FAST_MATH = YES;
				SDKROOT = iphoneos;
				SWIFT_COMPILATION_MODE = wholemodule;
				SWIFT_OPTIMIZATION_LEVEL = "-O";
				VALIDATE_PRODUCT = YES;
			};
			name = Release;
		};
		9E25109C26FA6E8400ED0A02 /* Debug */ = {
			isa = XCBuildConfiguration;
			buildSettings = {
				ASSETCATALOG_COMPILER_APPICON_NAME = AppIcon;
				ASSETCATALOG_COMPILER_GLOBAL_ACCENT_COLOR_NAME = AccentColor;
				CODE_SIGN_STYLE = Automatic;
				INFOPLIST_FILE = ThemeSupport1/Info.plist;
				LD_RUNPATH_SEARCH_PATHS = (
					"$(inherited)",
					"@executable_path/Frameworks",
				);
				PRODUCT_BUNDLE_IDENTIFIER = com.sahana.ThemeSupport1;
				PRODUCT_NAME = "$(TARGET_NAME)";
				SWIFT_VERSION = 5.0;
				TARGETED_DEVICE_FAMILY = "1,2";
			};
			name = Debug;
		};
		9E25109D26FA6E8400ED0A02 /* Release */ = {
			isa = XCBuildConfiguration;
			buildSettings = {
				ASSETCATALOG_COMPILER_APPICON_NAME = AppIcon;
				ASSETCATALOG_COMPILER_GLOBAL_ACCENT_COLOR_NAME = AccentColor;
				CODE_SIGN_STYLE = Automatic;
				INFOPLIST_FILE = ThemeSupport1/Info.plist;
				LD_RUNPATH_SEARCH_PATHS = (
					"$(inherited)",
					"@executable_path/Frameworks",
				);
				PRODUCT_BUNDLE_IDENTIFIER = com.sahana.ThemeSupport1;
				PRODUCT_NAME = "$(TARGET_NAME)";
				SWIFT_VERSION = 5.0;
				TARGETED_DEVICE_FAMILY = "1,2";
			};
			name = Release;
		};
/* End XCBuildConfiguration section */

/* Begin XCConfigurationList section */
		9E25108226FA6E7700ED0A02 /* Build configuration list for PBXProject "ThemeSupport1" */ = {
			isa = XCConfigurationList;
			buildConfigurations = (
				9E25109926FA6E8400ED0A02 /* Debug */,
				9E25109A26FA6E8400ED0A02 /* Release */,
			);
			defaultConfigurationIsVisible = 0;
			defaultConfigurationName = Release;
		};
		9E25109B26FA6E8400ED0A02 /* Build configuration list for PBXNativeTarget "ThemeSupport1" */ = {
			isa = XCConfigurationList;
			buildConfigurations = (
				9E25109C26FA6E8400ED0A02 /* Debug */,
				9E25109D26FA6E8400ED0A02 /* Release */,
			);
			defaultConfigurationIsVisible = 0;
			defaultConfigurationName = Release;
		};
/* End XCConfigurationList section */
	};
	rootObject = 9E25107F26FA6E7700ED0A02 /* Project object */;
}
